<?xml version="1.0" encoding="utf-8"?>
<Project ToolsVersion="4.0" xmlns="http://schemas.microsoft.com/developer/msbuild/2003">
  <ItemGroup>
    <Filter Include="Header Files">
      <UniqueIdentifier>{93995380-89BD-4b04-88EB-625FBE52EBFB}</UniqueIdentifier>
      <Extensions>h;hh;hpp;hxx;h++;hm;inl;inc;ipp;xsd</Extensions>
    </Filter>
    <Filter Include="Source Code">
      <UniqueIdentifier>{4FC737F1-C7A5-4376-A066-2A32D752A2FF}</UniqueIdentifier>
      <Extensions>cpp;c;cc;cxx;c++;cppm;ixx;def;odl;idl;hpj;bat;asm;asmx</Extensions>
    </Filter>
    <Filter Include="Source Code\Dependencies">
      <UniqueIdentifier>{b359198a-5a07-49fd-a0f8-f5b802db0f66}</UniqueIdentifier>
    </Filter>
    <Filter Include="Containers">
      <UniqueIdentifier>{67DA6AB6-F800-4c08-8B7A-83BB121AAD01}</UniqueIdentifier>
      <Extensions>rc;ico;cur;bmp;dlg;rc2;rct;bin;rgs;gif;jpg;jpeg;jpe;resx;tiff;tif;png;wav;mfcribbon-ms</Extensions>
    </Filter>
    <Filter Include="Source Code\Modules">
      <UniqueIdentifier>{0d2f460d-e416-4cee-b66c-3dacd47d1e92}</UniqueIdentifier>
    </Filter>
    <Filter Include="Source Code\Tools">
      <UniqueIdentifier>{fddde28f-916e-407a-a4ae-583c1b679fe5}</UniqueIdentifier>
    </Filter>
    <Filter Include="Source Code\Helpers">
      <UniqueIdentifier>{93bc5476-cafb-4b22-912d-d980e4ccb06c}</UniqueIdentifier>
    </Filter>
    <Filter Include="Containers\OpenGL">
      <UniqueIdentifier>{ec76428b-c365-43bf-83d2-1fc032c33db9}</UniqueIdentifier>
    </Filter>
    <Filter Include="Containers\ImGui">
      <UniqueIdentifier>{d3b0aca0-08ff-47d8-b265-a071d9c20036}</UniqueIdentifier>
    </Filter>
  </ItemGroup>
  <ItemGroup>
    <ClCompile Include="Source Code\Application.cpp">
      <Filter>Source Code</Filter>
    </ClCompile>
    <ClCompile Include="Source Code\Main.cpp">
      <Filter>Source Code</Filter>
    </ClCompile>
    <ClCompile Include="Source Code\ModuleCamera3D.cpp">
      <Filter>Source Code\Modules</Filter>
    </ClCompile>
    <ClCompile Include="Source Code\ModuleInput.cpp">
      <Filter>Source Code\Modules</Filter>
    </ClCompile>
    <ClCompile Include="Source Code\ModulePhysics3D.cpp">
      <Filter>Source Code\Modules</Filter>
    </ClCompile>
    <ClCompile Include="Source Code\ModuleSceneIntro.cpp">
      <Filter>Source Code\Modules</Filter>
    </ClCompile>
    <ClCompile Include="Source Code\ModuleWindow.cpp">
      <Filter>Source Code\Modules</Filter>
    </ClCompile>
    <ClCompile Include="Source Code\Timer.cpp">
      <Filter>Source Code\Tools</Filter>
    </ClCompile>
    <ClCompile Include="Source Code\Primitive.cpp">
      <Filter>Source Code\Helpers</Filter>
    </ClCompile>
    <ClCompile Include="Source Code\Color.cpp">
      <Filter>Source Code\Tools</Filter>
    </ClCompile>
    <ClCompile Include="Source Code\glmath.cpp">
      <Filter>Source Code\Tools</Filter>
    </ClCompile>
    <ClCompile Include="Source Code\Log.cpp">
      <Filter>Source Code\Tools</Filter>
    </ClCompile>
    <ClCompile Include="Source Code\ModuleRenderer3D.cpp">
      <Filter>Source Code\Modules</Filter>
    </ClCompile>
    <ClCompile Include="Source Code\Light.cpp">
      <Filter>Source Code\Tools</Filter>
    </ClCompile>
    <ClCompile Include="Source Code\ModuleMenu.cpp">
      <Filter>Source Code\Modules</Filter>
    </ClCompile>
    <ClCompile Include="Source Code\Dependencies\ImGui\imgui.cpp">
      <Filter>Containers\ImGui</Filter>
    </ClCompile>
    <ClCompile Include="Source Code\Dependencies\ImGui\imgui_impl_opengl3.cpp">
      <Filter>Containers\ImGui</Filter>
    </ClCompile>
    <ClCompile Include="Source Code\Dependencies\ImGui\imgui_impl_sdl.cpp">
      <Filter>Containers\ImGui</Filter>
    </ClCompile>
    <ClCompile Include="Source Code\Dependencies\ImGui\imgui_demo.cpp">
      <Filter>Containers\ImGui</Filter>
    </ClCompile>
    <ClCompile Include="Source Code\Dependencies\ImGui\imgui_draw.cpp">
      <Filter>Containers\ImGui</Filter>
    </ClCompile>
    <ClCompile Include="Source Code\Dependencies\ImGui\imgui_widgets.cpp">
      <Filter>Containers\ImGui</Filter>
    </ClCompile>
  </ItemGroup>
  <ItemGroup>
    <ClInclude Include="Source Code\Application.h">
      <Filter>Source Code</Filter>
    </ClInclude>
    <ClInclude Include="Source Code\Globals.h">
      <Filter>Source Code</Filter>
    </ClInclude>
    <ClInclude Include="Source Code\Module.h">
      <Filter>Source Code\Modules</Filter>
    </ClInclude>
    <ClInclude Include="Source Code\ModuleCamera3D.h">
      <Filter>Source Code\Modules</Filter>
    </ClInclude>
    <ClInclude Include="Source Code\ModuleInput.h">
      <Filter>Source Code\Modules</Filter>
    </ClInclude>
    <ClInclude Include="Source Code\ModulePhysics3D.h">
      <Filter>Source Code\Modules</Filter>
    </ClInclude>
    <ClInclude Include="Source Code\ModuleSceneIntro.h">
      <Filter>Source Code\Modules</Filter>
    </ClInclude>
    <ClInclude Include="Source Code\ModuleWindow.h">
      <Filter>Source Code\Modules</Filter>
    </ClInclude>
    <ClInclude Include="Source Code\Timer.h">
      <Filter>Source Code\Tools</Filter>
    </ClInclude>
    <ClInclude Include="Source Code\Primitive.h">
      <Filter>Source Code\Helpers</Filter>
    </ClInclude>
    <ClInclude Include="Source Code\Color.h">
      <Filter>Source Code\Tools</Filter>
    </ClInclude>
    <ClInclude Include="Source Code\glmath.h">
      <Filter>Source Code\Tools</Filter>
    </ClInclude>
    <ClInclude Include="Source Code\ModuleRenderer3D.h">
      <Filter>Source Code\Modules</Filter>
    </ClInclude>
    <ClInclude Include="Source Code\Light.h">
      <Filter>Source Code\Tools</Filter>
    </ClInclude>
    <ClInclude Include="Source Code\ModuleMenu.h">
      <Filter>Source Code\Modules</Filter>
    </ClInclude>
    <ClInclude Include="Source Code\OpenGl.h">
      <Filter>Containers\OpenGL</Filter>
    </ClInclude>
    <ClInclude Include="Source Code\ImGui.h">
      <Filter>Source Code\Tools</Filter>
    </ClInclude>
    <ClInclude Include="Source Code\Dependencies\ImGui\imgui.h">
      <Filter>Containers\ImGui</Filter>
    </ClInclude>
    <ClInclude Include="Source Code\Dependencies\ImGui\imgui_impl_opengl3.h">
      <Filter>Containers\ImGui</Filter>
    </ClInclude>
    <ClInclude Include="Source Code\Dependencies\ImGui\imgui_impl_sdl.h">
      <Filter>Containers\ImGui</Filter>
    </ClInclude>
    <ClInclude Include="Source Code\Dependencies\ImGui\imgui_internal.h">
      <Filter>Containers\ImGui</Filter>
    </ClInclude>
    <ClInclude Include="Source Code\Dependencies\ImGui\imconfig.h">
      <Filter>Containers\ImGui</Filter>
    </ClInclude>
    <ClInclude Include="Source Code\Dependencies\ImGui\imstb_rectpack.h">
      <Filter>Containers\ImGui</Filter>
    </ClInclude>
    <ClInclude Include="Source Code\Dependencies\ImGui\imstb_textedit.h">
      <Filter>Containers\ImGui</Filter>
    </ClInclude>
    <ClInclude Include="Source Code\Dependencies\ImGui\imstb_truetype.h">
      <Filter>Containers\ImGui</Filter>
    </ClInclude>
  </ItemGroup>
</Project>